
Microsoft Visual Studio Solution File, Format Version 12.00
# Visual Studio 14
VisualStudioVersion = 14.0.25420.1
MinimumVisualStudioVersion = 10.0.40219.1
Project("{E24C65DC-7377-472B-9ABA-BC803B73C61A}") = "ANCRM_Lite_NewRQ(1)", "F:\ANCRM_Lite_NewRQ\", "{3911D890-E9D8-4509-8AD1-B57CF1E1D855}"
	ProjectSection(WebsiteProperties) = preProject
		TargetFrameworkMoniker = ".NETFramework,Version%3Dv4.5"
		Debug.AspNetCompiler.VirtualPath = "/localhost_51432"
		Debug.AspNetCompiler.PhysicalPath = "F:\ANCRM_Lite_NewRQ\"
		Debug.AspNetCompiler.TargetPath = "PrecompiledWeb\localhost_51432\"
		Debug.AspNetCompiler.Updateable = "true"
		Debug.AspNetCompiler.ForceOverwrite = "true"
		Debug.AspNetCompiler.FixedNames = "false"
		Debug.AspNetCompiler.Debug = "True"
		Release.AspNetCompiler.VirtualPath = "/localhost_51432"
		Release.AspNetCompiler.PhysicalPath = "F:\ANCRM_Lite_NewRQ\"
		Release.AspNetCompiler.TargetPath = "PrecompiledWeb\localhost_51432\"
		Release.AspNetCompiler.Updateable = "true"
		Release.AspNetCompiler.ForceOverwrite = "true"
		Release.AspNetCompiler.FixedNames = "false"
		Release.AspNetCompiler.Debug = "False"
		VWDPort = "51432"
		SlnRelativePath = "F:\ANCRM_Lite_NewRQ\"
	EndProjectSection
EndProject
Global
	GlobalSection(SolutionConfigurationPlatforms) = preSolution
		Debug|Any CPU = Debug|Any CPU
	EndGlobalSection
	GlobalSection(ProjectConfigurationPlatforms) = postSolution
		{3911D890-E9D8-4509-8AD1-B57CF1E1D855}.Debug|Any CPU.ActiveCfg = Debug|Any CPU
		{3911D890-E9D8-4509-8AD1-B57CF1E1D855}.Debug|Any CPU.Build.0 = Debug|Any CPU
	EndGlobalSection
	GlobalSection(SolutionProperties) = preSolution
		HideSolutionNode = FALSE
	EndGlobalSection
EndGlobal
